
Microsoft Visual Studio Solution File, Format Version 12.00
# Visual Studio Version 16
VisualStudioVersion = 16.0.30621.155
MinimumVisualStudioVersion = 10.0.40219.1
Project("{FAE04EC0-301F-11D3-BF4B-00C04F79EFBC}") = "Robos and Dinos Practice Proj", "Robos and Dinos Practice Proj\Robos and Dinos Practice Proj.csproj", "{CBCB1AD7-0D71-474B-9633-DA9743228896}"
EndProject
Global
	GlobalSection(SolutionConfigurationPlatforms) = preSolution
		Debug|Any CPU = Debug|Any CPU
		Release|Any CPU = Release|Any CPU
	EndGlobalSection
	GlobalSection(ProjectConfigurationPlatforms) = postSolution
		{CBCB1AD7-0D71-474B-9633-DA9743228896}.Debug|Any CPU.ActiveCfg = Debug|Any CPU
		{CBCB1AD7-0D71-474B-9633-DA9743228896}.Debug|Any CPU.Build.0 = Debug|Any CPU
		{CBCB1AD7-0D71-474B-9633-DA9743228896}.Release|Any CPU.ActiveCfg = Release|Any CPU
		{CBCB1AD7-0D71-474B-9633-DA9743228896}.Release|Any CPU.Build.0 = Release|Any CPU
	EndGlobalSection
	GlobalSection(SolutionProperties) = preSolution
		HideSolutionNode = FALSE
	EndGlobalSection
	GlobalSection(ExtensibilityGlobals) = postSolution
		SolutionGuid = {69D29725-33B8-4584-B373-13A74894264B}
	EndGlobalSection
EndGlobal
